
Microsoft Visual Studio Solution File, Format Version 12.00
# Visual Studio Version 17
VisualStudioVersion = 17.9.34622.214
MinimumVisualStudioVersion = 10.0.40219.1
Project("{FAE04EC0-301F-11D3-BF4B-00C04F79EFBC}") = "WebApi", "WebApi\WebApi.csproj", "{4180E239-221A-4EDE-B2F2-CDF4CC7DB9D7}"
EndProject
Project("{FAE04EC0-301F-11D3-BF4B-00C04F79EFBC}") = "Domain", "Domain\Domain.csproj", "{9E40B5B7-4B89-4C65-A120-D844C8CD7015}"
EndProject
Project("{FAE04EC0-301F-11D3-BF4B-00C04F79EFBC}") = "DataAccess.EFCore", "DataAccess.EFCore\DataAccess.EFCore.csproj", "{83EF2B93-7694-49EC-BAA0-7DA8742A701F}"
EndProject
Global
	GlobalSection(SolutionConfigurationPlatforms) = preSolution
		Debug|Any CPU = Debug|Any CPU
		Release|Any CPU = Release|Any CPU
	EndGlobalSection
	GlobalSection(ProjectConfigurationPlatforms) = postSolution
		{4180E239-221A-4EDE-B2F2-CDF4CC7DB9D7}.Debug|Any CPU.ActiveCfg = Debug|Any CPU
		{4180E239-221A-4EDE-B2F2-CDF4CC7DB9D7}.Debug|Any CPU.Build.0 = Debug|Any CPU
		{4180E239-221A-4EDE-B2F2-CDF4CC7DB9D7}.Release|Any CPU.ActiveCfg = Release|Any CPU
		{4180E239-221A-4EDE-B2F2-CDF4CC7DB9D7}.Release|Any CPU.Build.0 = Release|Any CPU
		{9E40B5B7-4B89-4C65-A120-D844C8CD7015}.Debug|Any CPU.ActiveCfg = Debug|Any CPU
		{9E40B5B7-4B89-4C65-A120-D844C8CD7015}.Debug|Any CPU.Build.0 = Debug|Any CPU
		{9E40B5B7-4B89-4C65-A120-D844C8CD7015}.Release|Any CPU.ActiveCfg = Release|Any CPU
		{9E40B5B7-4B89-4C65-A120-D844C8CD7015}.Release|Any CPU.Build.0 = Release|Any CPU
		{83EF2B93-7694-49EC-BAA0-7DA8742A701F}.Debug|Any CPU.ActiveCfg = Debug|Any CPU
		{83EF2B93-7694-49EC-BAA0-7DA8742A701F}.Debug|Any CPU.Build.0 = Debug|Any CPU
		{83EF2B93-7694-49EC-BAA0-7DA8742A701F}.Release|Any CPU.ActiveCfg = Release|Any CPU
		{83EF2B93-7694-49EC-BAA0-7DA8742A701F}.Release|Any CPU.Build.0 = Release|Any CPU
	EndGlobalSection
	GlobalSection(SolutionProperties) = preSolution
		HideSolutionNode = FALSE
	EndGlobalSection
	GlobalSection(ExtensibilityGlobals) = postSolution
		SolutionGuid = {47A12061-2605-4068-A970-E346ECD84635}
	EndGlobalSection
EndGlobal
